<?xml version="1.0" encoding="utf-8"?>
<Project ToolsVersion="4.0" xmlns="http://schemas.microsoft.com/developer/msbuild/2003">
  <ItemGroup>
    <Filter Include="源文件">
      <UniqueIdentifier>{4FC737F1-C7A5-4376-A066-2A32D752A2FF}</UniqueIdentifier>
      <Extensions>cpp;c;cc;cxx;c++;cppm;ixx;def;odl;idl;hpj;bat;asm;asmx</Extensions>
    </Filter>
    <Filter Include="头文件">
      <UniqueIdentifier>{93995380-89BD-4b04-88EB-625FBE52EBFB}</UniqueIdentifier>
      <Extensions>h;hh;hpp;hxx;h++;hm;inl;inc;ipp;xsd</Extensions>
    </Filter>
    <Filter Include="资源文件">
      <UniqueIdentifier>{67DA6AB6-F800-4c08-8B7A-83BB121AAD01}</UniqueIdentifier>
      <Extensions>rc;ico;cur;bmp;dlg;rc2;rct;bin;rgs;gif;jpg;jpeg;jpe;resx;tiff;tif;png;wav;mfcribbon-ms</Extensions>
    </Filter>
  </ItemGroup>
  <ItemGroup>
    <ClCompile Include="main.cpp">
      <Filter>源文件</Filter>
    </ClCompile>
    <ClCompile Include="Source\Engine.cpp">
      <Filter>源文件</Filter>
    </ClCompile>
    <ClCompile Include="Source\RHI\IRHIResource.cpp">
      <Filter>源文件</Filter>
    </ClCompile>
    <ClCompile Include="Source\RHI\RHI.cpp">
      <Filter>源文件</Filter>
    </ClCompile>
    <ClCompile Include="Source\Platform\Vulkan\VulkanAPI.cpp">
      <Filter>源文件</Filter>
    </ClCompile>
    <ClCompile Include="Source\Core\Application.cpp">
      <Filter>源文件</Filter>
    </ClCompile>
    <ClCompile Include="Source\Core\Memory.cpp">
      <Filter>源文件</Filter>
    </ClCompile>
    <ClCompile Include="Source\Core\Log.cpp">
      <Filter>源文件</Filter>
    </ClCompile>
    <ClCompile Include="Source\Core\Window.cpp">
      <Filter>源文件</Filter>
    </ClCompile>
    <ClCompile Include="Source\Platform\GLFW\GLFWWindow.cpp">
      <Filter>源文件</Filter>
    </ClCompile>
    <ClCompile Include="Source\TriangleApplication.cpp">
      <Filter>源文件</Filter>
    </ClCompile>
    <ClCompile Include="Source\TriangleRenderer.cpp">
      <Filter>源文件</Filter>
    </ClCompile>
    <ClCompile Include="Source\Platform\Vulkan\VulkanBuffer.cpp">
      <Filter>源文件</Filter>
    </ClCompile>
    <ClCompile Include="Source\Platform\Vulkan\VulkanCommandList.cpp">
      <Filter>源文件</Filter>
    </ClCompile>
    <ClCompile Include="Source\Platform\Vulkan\VulkanDevice.cpp">
      <Filter>源文件</Filter>
    </ClCompile>
    <ClCompile Include="Source\Platform\Vulkan\VulkanShader.cpp">
      <Filter>源文件</Filter>
    </ClCompile>
    <ClCompile Include="Source\Platform\Vulkan\VulkanTexture.cpp">
      <Filter>源文件</Filter>
    </ClCompile>
    <ClCompile Include="Source\Platform\Vulkan\VulkanUtils.cpp">
      <Filter>源文件</Filter>
    </ClCompile>
    <ClCompile Include="Source\Platform\Vulkan\VulkanDescriptorSet.cpp">
      <Filter>源文件</Filter>
    </ClCompile>
    <ClCompile Include="Source\Platform\Vulkan\VulkanPipelineState.cpp">
      <Filter>源文件</Filter>
    </ClCompile>
    <ClCompile Include="Source\Core\ShaderCompiler.cpp">
      <Filter>源文件</Filter>
    </ClCompile>
    <ClCompile Include="Source\MemorySystemTest.cpp">
      <Filter>源文件</Filter>
    </ClCompile>
    <ClCompile Include="Source\Core\HAL\FMallocBinned2.cpp">
      <Filter>源文件</Filter>
    </ClCompile>
    <ClCompile Include="Source\Core\HAL\FMemory.cpp">
      <Filter>源文件</Filter>
    </ClCompile>
    <ClCompile Include="Source\Core\HAL\FMemoryManager.cpp">
      <Filter>源文件</Filter>
    </ClCompile>
    <ClCompile Include="Source\Core\IO\FAsyncFileIO.cpp">
      <Filter>源文件</Filter>
    </ClCompile>
    <ClCompile Include="Source\Renderer\FTexturePool.cpp">
      <Filter>源文件</Filter>
    </ClCompile>
    <ClCompile Include="Source\Renderer\FTextureStreamingManager.cpp">
      <Filter>源文件</Filter>
    </ClCompile>
    <ClCompile Include="Source\Tests\TextureStreamingTest.cpp">
      <Filter>源文件</Filter>
    </ClCompile>
    <ClCompile Include="Source\Renderer\FVirtualTexturePhysicalSpace.cpp">
      <Filter>源文件</Filter>
    </ClCompile>
    <ClCompile Include="Source\Renderer\FVirtualTextureSystem.cpp">
      <Filter>源文件</Filter>
    </ClCompile>
    <ClCompile Include="Source\Tests\VirtualTextureSystemTest.cpp">
      <Filter>源文件</Filter>
    </ClCompile>
    <ClCompile Include="Source\Platform\Vulkan\FVulkanMemoryManager.cpp">
      <Filter>源文件</Filter>
    </ClCompile>
    <ClCompile Include="Source\Tests\VulkanMemoryTest.cpp">
      <Filter>源文件</Filter>
    </ClCompile>
    <ClCompile Include="Source\Tests\FMemorySystemTest.cpp">
      <Filter>源文件</Filter>
    </ClCompile>
    <ClCompile Include="Source\Tests\TextureStreamingSystemTest.cpp">
      <Filter>源文件</Filter>
    </ClCompile>
    <ClCompile Include="Source\Tests\VulkanMemoryManagerTest.cpp">
      <Filter>源文件</Filter>
    </ClCompile>
    <ClCompile Include="Source\Tests\VulkanResourceManagerTest.cpp">
      <Filter>源文件</Filter>
    </ClCompile>
    <ClCompile Include="Source\Platform\Vulkan\FVulkanResourceManager.cpp">
      <Filter>源文件</Filter>
    </ClCompile>
    <ClCompile Include="Source\Core\Color.cpp">
      <Filter>源文件</Filter>
    </ClCompile>
    <ClCompile Include="Source\Containers\Text.cpp">
      <Filter>源文件</Filter>
    </ClCompile>
  </ItemGroup>
  <ItemGroup>
    <ClInclude Include="Include\Core\Assert.h">
      <Filter>头文件</Filter>
    </ClInclude>
    <ClInclude Include="Include\Core\CoreMinimal.h">
      <Filter>头文件</Filter>
    </ClInclude>
    <ClInclude Include="Include\Core\CoreTypes.h">
      <Filter>头文件</Filter>
    </ClInclude>
    <ClInclude Include="Include\Core\Memory.h">
      <Filter>头文件</Filter>
    </ClInclude>
    <ClInclude Include="Include\Core\Log.h">
      <Filter>头文件</Filter>
    </ClInclude>
    <ClInclude Include="Include\Engine.h">
      <Filter>头文件</Filter>
    </ClInclude>
    <ClInclude Include="Include\RHI\IRHICommandList.h">
      <Filter>头文件</Filter>
    </ClInclude>
    <ClInclude Include="Include\RHI\IRHIDevice.h">
      <Filter>头文件</Filter>
    </ClInclude>
    <ClInclude Include="Include\RHI\IRHIResource.h">
      <Filter>头文件</Filter>
    </ClInclude>
    <ClInclude Include="Include\RHI\RHI.h">
      <Filter>头文件</Filter>
    </ClInclude>
    <ClInclude Include="Include\RHI\RHIDefinitions.h">
      <Filter>头文件</Filter>
    </ClInclude>
    <ClInclude Include="Include\Platform\Vulkan\VulkanDevice.h">
      <Filter>头文件</Filter>
    </ClInclude>
    <ClInclude Include="Include\Platform\Vulkan\VulkanRHI.h">
      <Filter>头文件</Filter>
    </ClInclude>
    <ClInclude Include="Include\Core\Application.h">
      <Filter>头文件</Filter>
    </ClInclude>
    <ClInclude Include="Include\Core\Input.h">
      <Filter>头文件</Filter>
    </ClInclude>
    <ClInclude Include="Include\Core\Window.h">
      <Filter>头文件</Filter>
    </ClInclude>
    <ClInclude Include="Include\Platform\GLFW\GLFWWindow.h">
      <Filter>头文件</Filter>
    </ClInclude>
    <ClInclude Include="Include\TriangleRenderer.h">
      <Filter>头文件</Filter>
    </ClInclude>
    <ClInclude Include="Include\Platform\Vulkan\VulkanBuffer.h">
      <Filter>头文件</Filter>
    </ClInclude>
    <ClInclude Include="Include\Platform\Vulkan\VulkanCommandList.h">
      <Filter>头文件</Filter>
    </ClInclude>
    <ClInclude Include="Include\Platform\Vulkan\VulkanShader.h">
      <Filter>头文件</Filter>
    </ClInclude>
    <ClInclude Include="Include\Platform\Vulkan\VulkanTexture.h">
      <Filter>头文件</Filter>
    </ClInclude>
    <ClInclude Include="Include\Platform\Vulkan\VulkanUtils.h">
      <Filter>头文件</Filter>
    </ClInclude>
    <ClInclude Include="Include\Platform\Vulkan\VulkanDescriptorSet.h">
      <Filter>头文件</Filter>
    </ClInclude>
    <ClInclude Include="Include\Platform\Vulkan\VulkanPipelineState.h">
      <Filter>头文件</Filter>
    </ClInclude>
    <ClInclude Include="Include\Core\ShaderCompiler.h">
      <Filter>头文件</Filter>
    </ClInclude>
    <ClInclude Include="Include\Core\HAL\FMalloc.h">
      <Filter>头文件</Filter>
    </ClInclude>
    <ClInclude Include="Include\Core\HAL\FMallocBinned2.h">
      <Filter>头文件</Filter>
    </ClInclude>
    <ClInclude Include="Include\Core\HAL\FMemory.h">
      <Filter>头文件</Filter>
    </ClInclude>
    <ClInclude Include="Include\Core\HAL\FMemoryManager.h">
      <Filter>头文件</Filter>
    </ClInclude>
    <ClInclude Include="Include\Platform\Vulkan\FVulkanMemoryManager.h">
      <Filter>头文件</Filter>
    </ClInclude>
    <ClInclude Include="Include\Renderer\FTextureStreamingManager.h">
      <Filter>头文件</Filter>
    </ClInclude>
    <ClInclude Include="Include\Renderer\FVirtualTextureSystem.h">
      <Filter>头文件</Filter>
    </ClInclude>
    <ClInclude Include="Include\Core\IO\FAsyncFileIO.h">
      <Filter>头文件</Filter>
    </ClInclude>
    <ClInclude Include="Include\Core\Templates\TypeTraits.h">
      <Filter>头文件\Core\Templates</Filter>
    </ClInclude>
    <ClInclude Include="Include\Core\Templates\TypeHash.h">
      <Filter>头文件\Core\Templates</Filter>
    </ClInclude>
    <ClInclude Include="Include\Core\Templates\MemoryOps.h">
      <Filter>头文件\Core\Templates</Filter>
    </ClInclude>
    <ClInclude Include="Include\Containers\ContainerFwd.h">
      <Filter>头文件\Containers</Filter>
    </ClInclude>
    <ClInclude Include="Include\Containers\ContainerAllocationPolicies.h">
      <Filter>头文件\Containers</Filter>
    </ClInclude>
    <ClInclude Include="Include\Containers\Array.h">
      <Filter>头文件\Containers</Filter>
    </ClInclude>
    <ClInclude Include="Include\Containers\BitArray.h">
      <Filter>头文件\Containers</Filter>
    </ClInclude>
    <ClInclude Include="Include\Containers\SparseArray.h">
      <Filter>头文件\Containers</Filter>
    </ClInclude>
    <ClInclude Include="Include\Containers\Set.h">
      <Filter>头文件\Containers</Filter>
    </ClInclude>
    <ClInclude Include="Include\Containers\Map.h">
      <Filter>头文件\Containers</Filter>
    </ClInclude>
    <ClInclude Include="Include\Containers\String.h">
      <Filter>头文件\Containers</Filter>
    </ClInclude>
    <ClInclude Include="Include\Containers\Name.h">
      <Filter>头文件\Containers</Filter>
    </ClInclude>
    <ClInclude Include="Include\Containers\ScriptArray.h">
      <Filter>头文件\Containers</Filter>
    </ClInclude>
    <ClInclude Include="Include\Containers\Containers.h">
      <Filter>头文件\Containers</Filter>
    </ClInclude>
    <ClInclude Include="Include\Containers\Text.h">
      <Filter>头文件\Containers</Filter>
    </ClInclude>
    <ClInclude Include="Include\Containers\Queue.h">
      <Filter>头文件\Containers</Filter>
    </ClInclude>
    <ClInclude Include="Include\Containers\Deque.h">
      <Filter>头文件\Containers</Filter>
    </ClInclude>
    <ClInclude Include="Include\Containers\CircularBuffer.h">
      <Filter>头文件\Containers</Filter>
    </ClInclude>
    <ClInclude Include="Include\Containers\RingBuffer.h">
      <Filter>头文件\Containers</Filter>
    </ClInclude>
    <ClInclude Include="Include\Containers\StaticArray.h">
      <Filter>头文件\Containers</Filter>
    </ClInclude>
    <ClInclude Include="Include\Containers\BitSet.h">
      <Filter>头文件\Containers</Filter>
    </ClInclude>
    <ClInclude Include="Include\Core\Color.h">
      <Filter>头文件</Filter>
    </ClInclude>
    <ClInclude Include="Include\Serialization\Archive.h">
      <Filter>头文件\Serialization</Filter>
    </ClInclude>
  </ItemGroup>
  <ItemGroup>
    <Filter Include="头文件\Core\Templates">
      <UniqueIdentifier>{A1B2C3D4-E5F6-7890-ABCD-EF1234567890}</UniqueIdentifier>
    </Filter>
    <Filter Include="头文件\Containers">
      <UniqueIdentifier>{B2C3D4E5-F6A7-8901-BCDE-F12345678901}</UniqueIdentifier>
    </Filter>
    <Filter Include="头文件\Serialization">
      <UniqueIdentifier>{C3D4E5F6-A7B8-9012-CDEF-123456789012}</UniqueIdentifier>
    </Filter>
  </ItemGroup>
</Project>